{
  "version": 4,
  "terraform_version": "1.2.7",
  "serial": 124,
  "lineage": "bd0e4a5a-939d-cfe5-c4ef-552c9a918151",
  "outputs": {
    "instance_id": {
      "value": "i-036e2954f7242951b",
      "type": "string"
    },
    "security_group_name": {
      "value": "allow_web_traffic_sg",
      "type": "string"
    }
  },
  "resources": [
    {
      "module": "module.ec2",
      "mode": "managed",
      "type": "aws_instance",
      "name": "app_server",
      "provider": "provider[\"registry.terraform.io/hashicorp/aws\"]",
      "instances": [
        {
          "schema_version": 1,
          "attributes": {
            "ami": "ami-0dfcb1ef8550277af",
            "arn": "arn:aws:ec2:us-east-1:111292928933:instance/i-036e2954f7242951b",
            "associate_public_ip_address": true,
            "availability_zone": "us-east-1e",
            "capacity_reservation_specification": [
              {
                "capacity_reservation_preference": "open",
                "capacity_reservation_target": []
              }
            ],
            "cpu_core_count": 1,
            "cpu_threads_per_core": 1,
            "credit_specification": [
              {
                "cpu_credits": "standard"
              }
            ],
            "disable_api_stop": false,
            "disable_api_termination": false,
            "ebs_block_device": [],
            "ebs_optimized": false,
            "enclave_options": [
              {
                "enabled": false
              }
            ],
            "ephemeral_block_device": [],
            "get_password_data": false,
            "hibernation": false,
            "host_id": "",
            "host_resource_group_arn": null,
            "iam_instance_profile": "",
            "id": "i-036e2954f7242951b",
            "instance_initiated_shutdown_behavior": "stop",
            "instance_state": "running",
            "instance_type": "t2.micro",
            "ipv6_address_count": 0,
            "ipv6_addresses": [],
            "key_name": "mykeypair",
            "launch_template": [],
            "maintenance_options": [
              {
                "auto_recovery": "default"
              }
            ],
            "metadata_options": [
              {
                "http_endpoint": "enabled",
                "http_put_response_hop_limit": 1,
                "http_tokens": "optional",
                "instance_metadata_tags": "disabled"
              }
            ],
            "monitoring": false,
            "network_interface": [],
            "outpost_arn": "",
            "password_data": "",
            "placement_group": "",
            "placement_partition_number": 0,
            "primary_network_interface_id": "eni-06174fee3b63b8d82",
            "private_dns": "ip-172-31-60-173.ec2.internal",
            "private_dns_name_options": [
              {
                "enable_resource_name_dns_a_record": false,
                "enable_resource_name_dns_aaaa_record": false,
                "hostname_type": "ip-name"
              }
            ],
            "private_ip": "172.31.60.173",
            "public_dns": "ec2-100-25-157-30.compute-1.amazonaws.com",
            "public_ip": "100.25.157.30",
            "root_block_device": [
              {
                "delete_on_termination": true,
                "device_name": "/dev/xvda",
                "encrypted": false,
                "iops": 100,
                "kms_key_id": "",
                "tags": {},
                "throughput": 0,
                "volume_id": "vol-0048b7c2337469564",
                "volume_size": 8,
                "volume_type": "gp2"
              }
            ],
            "secondary_private_ips": [],
            "security_groups": [
              "allow_web_traffic_sg"
            ],
            "source_dest_check": true,
            "subnet_id": "subnet-09f03ef57f37eacae",
            "tags": {
              "Name": "webserver.jasonteske.com"
            },
            "tags_all": {
              "Name": "webserver.jasonteske.com"
            },
            "tenancy": "default",
            "timeouts": null,
            "user_data": "7551710610b93cd9574592a3e65380559fdfa0ea",
            "user_data_base64": null,
            "user_data_replace_on_change": false,
            "volume_tags": null,
            "vpc_security_group_ids": [
              "sg-0c96741f66e4c667e"
            ]
          },
          "sensitive_attributes": [],
          "private": "eyJlMmJmYjczMC1lY2FhLTExZTYtOGY4OC0zNDM2M2JjN2M0YzAiOnsiY3JlYXRlIjo2MDAwMDAwMDAwMDAsImRlbGV0ZSI6MTIwMDAwMDAwMDAwMCwidXBkYXRlIjo2MDAwMDAwMDAwMDB9LCJzY2hlbWFfdmVyc2lvbiI6IjEifQ==",
          "dependencies": [
            "module.ec2.aws_key_pair.mykeypair",
            "module.security_group.aws_security_group.allow_web_traffic"
          ]
        }
      ]
    },
    {
      "module": "module.ec2",
      "mode": "managed",
      "type": "aws_key_pair",
      "name": "mykeypair",
      "provider": "provider[\"registry.terraform.io/hashicorp/aws\"]",
      "instances": [
        {
          "schema_version": 1,
          "attributes": {
            "arn": "arn:aws:ec2:us-east-1:111292928933:key-pair/mykeypair",
            "fingerprint": "27:98:55:4a:17:5a:38:f2:5b:90:6a:a2:90:e3:f3:f5",
            "id": "mykeypair",
            "key_name": "mykeypair",
            "key_name_prefix": "",
            "key_pair_id": "key-0d86d4549a662e600",
            "key_type": "rsa",
            "public_key": "ssh-rsa AAAAB3NzaC1yc2EAAAADAQABAAACAQDCOSykDbH6r4g89TxyRgO90WVDjSkTY6BdNrmfQhnPVczcevpvPpb3/tWKHkh5blMAy/emhcKrPu56LNzDt28frJvZhepghnB6ewLuMEFvXZKhBgcImj+7HsJB+w7d6JOa4L0z+OeZ1hpuGW9/ahUqHX/lEvnQNcf3IrjHi1f37Pcn1qJe2g0svhPj64/AAWbKWG7a/gHwDDRyrcZDiFmO654+ljxoPE2sUnysElpopAffDOVmTQ9v9EyFepqVHOYMENpQk+Fkw32jLnu2xP5ZhwO0Pmn88KpkC6oY+xSS0mNVVjQWZjBvmfs5VLCPBIq6Mw4HM3u3BY6yzzU3+0vQTAdPq80G12UYR9R1wwBIUnVVlOiZNhX00OrTcRplDMhT58G46qINcEbeezMlnw0PPOlbsn0s4RP8pkqoEXW5SVRaMJurJuz4F7Y0DV29xvWb0kXshtKOM/BMs77hpvdyKYAH47MIGYFsFX5X7oo/yq8A0VAKN3fb4gxzz7K1KLguwP+PcT3eiKOdwcVAsXFVbhARnDjJJEN4dPdQ5j+Yal4dN9bnpvtVANA05hNhWiSwmydpWN2/uM5LOZWkGvsJr/hUwma7lRU0NdifwqJYHWvqocwN2JH2Zxt0vjEMSqr8/u1U890n8/9DQ7QdEkpXs38FSW/7sMDT0ueQd9s6gQ== jteske@JTeskes-MBP",
            "tags": null,
            "tags_all": {}
          },
          "sensitive_attributes": [],
          "private": "eyJzY2hlbWFfdmVyc2lvbiI6IjEifQ=="
        }
      ]
    },
    {
      "module": "module.ec2",
      "mode": "managed",
      "type": "tls_self_signed_cert",
      "name": "jasonteske",
      "provider": "provider[\"registry.terraform.io/hashicorp/tls\"]",
      "instances": [
        {
          "schema_version": 0,
          "attributes": {
            "allowed_uses": [
              "key_encipherment",
              "digital_signature",
              "server_auth"
            ],
            "cert_pem": "-----BEGIN CERTIFICATE-----\nMIIDOTCCAiGgAwIBAgIRAPOVLW+tXS5KeT8JF5Yz4kcwDQYJKoZIhvcNAQELBQAw\nLjETMBEGA1UEChMKanRlc2tlIElOQzEXMBUGA1UEAxMOamFzb250ZXNrZS5jb20w\nHhcNMjMwMjE3MjIyNDE1WhcNMjMwMjI0MjIyNDE1WjAuMRMwEQYDVQQKEwpqdGVz\na2UgSU5DMRcwFQYDVQQDEw5qYXNvbnRlc2tlLmNvbTCCASIwDQYJKoZIhvcNAQEB\nBQADggEPADCCAQoCggEBALvFL/oOcQydwK9T4aAK9IVt8xZp6SuEUl9rQFK9nAYt\nrPvS+1vfUQ8zxIEz5eDetR5uIFwAjHUJd3kTTr0R94s+MzggkGWVJGg/gvfAFkNJ\nM43NeeVWMOPeAMVMlNSC4syqSZx5g7GbZjbPgPSXu+3C724Te34Yi1f05/F70NL3\nhMFdMg76FcNwNqmgFhddHT0iN1qzCoA5nfeQKDbOOcnghBtc8akqjk02nn13VU4c\nDCnwNpi8Tz/eeRdX1bRV/EhKhWlow4e6ndLRL6zR+Hk3/YDjns8gMohe5nF2Rt4H\nZr3ess+6D5oGys27MHqVUdb7qxl6GXKAyj5qAZVdBg8CAwEAAaNSMFAwDgYDVR0P\nAQH/BAQDAgWgMBMGA1UdJQQMMAoGCCsGAQUFBwMBMAwGA1UdEwEB/wQCMAAwGwYD\nVR0RBBQwEoIQKi5qYXNvbnRlc2tlLmNvbTANBgkqhkiG9w0BAQsFAAOCAQEAITLq\ndrbUY7aP36UGo6XTPa9DTO9So4JB9pOnfTGFyav5jtyB4YiYKKEGP4viPq0cSVt+\n7bpuFh/97hG5bm6OXYdj+f6a4/XznVA5LG1/y3FF4W+yfp3/TlzgPYZtLVh0KFT7\nmgpUKOLku16qpNtiXTf/dcohenrn+3kz1pfWRh6vFlYUJo99TE863lO2QHOnToel\nBqnWUOUWtyOMt2Irf5aub2aOUhF1ZETKMV4x07Ml7H71GKc3vJzUsO7W1HCWTXKh\nQDEL6JW8ipf2v8BXva1h7NuMIZZM41dZj/JNgrEsRM6d4bYYJZrgvLCPhaLCT8oE\nJSPSV3A3kL0jUWl8uw==\n-----END CERTIFICATE-----\n",
            "dns_names": [
              "*.jasonteske.com"
            ],
            "early_renewal_hours": 0,
            "id": "323776976764068005243757552770716262983",
            "ip_addresses": null,
            "is_ca_certificate": false,
            "key_algorithm": "RSA",
            "private_key_pem": "-----BEGIN PRIVATE KEY-----\nMIIEvQIBADANBgkqhkiG9w0BAQEFAASCBKcwggSjAgEAAoIBAQC7xS/6DnEMncCv\nU+GgCvSFbfMWaekrhFJfa0BSvZwGLaz70vtb31EPM8SBM+Xg3rUebiBcAIx1CXd5\nE069EfeLPjM4IJBllSRoP4L3wBZDSTONzXnlVjDj3gDFTJTUguLMqkmceYOxm2Y2\nz4D0l7vtwu9uE3t+GItX9Ofxe9DS94TBXTIO+hXDcDapoBYXXR09IjdaswqAOZ33\nkCg2zjnJ4IQbXPGpKo5NNp59d1VOHAwp8DaYvE8/3nkXV9W0VfxISoVpaMOHup3S\n0S+s0fh5N/2A457PIDKIXuZxdkbeB2a93rLPug+aBsrNuzB6lVHW+6sZehlygMo+\nagGVXQYPAgMBAAECggEACGow2Tr2dANJ1FGlBeAXzzb7MuDyMyIN8vrCejLHIDvB\nydNNsnNSlaTTRJsHzUkNwtxalOTtZn1THljwKWb5ugLCltxWvEavyAA4pVO1a7SH\nG+6+bLmtHTkgvbbN4Kww780d2WZUsYvuS7yG4e8+28vloQA8g40kCYAPOPI8jIe5\nXt+gyOW2LZf6EuaT7zuC9CFQUf23nVG4qBoDLAJSrcgDGymwJgHvodji7xmUF/kQ\nZgouHf1is+/MjcqIE3T41raz8n/Fu7Gntl+KwQ9a08gyRD0COo3Aw3fEZj+as9FJ\n+TCdHXV8MLU7dB1nrjNbsDH/sMr3v6HyI287C6wjgQKBgQD3aAdE5kW8q0NRNRvs\nIiT3lOjJ2qJljdHDnGQoLXIh0vgMcoDb/xJSwM8j8raMOQPG+GtBOG+qOlKAyJ55\nPJhEtuJcpVApZ1kuxGSskc4AtXNpW0s0MEqLnZNq/teLRBJClgwxbW0OdrMKndvF\nf5DB6HxUqnW/sCTXpss2K4EqQQKBgQDCSt3YMaObI1GfCZi/uMakxeyCkTumgz4a\nhiwmj6LPhbWS1uZuEzTw3jSuZ9fHo8Sl2ViqZogHqbg01bu56IbdgvpGeKL/dRHn\nsEPLqRU8cBaux/UeN0kdyg/q13fcr9YhECZUk1JaHYmaltNR6WhJis8wiRvWcDC7\n/p2enqn8TwKBgC65Vc4cUwVLrt3yUsCoviSH2eLtSIg3XWs86Olxk8Fxj2kCYvWp\nWXOJeFVIrFMVHXKBTfg2SVhzxUsPGGa7G+K2S0/F5Lq9Cum7K2wv6SDXI+G83RoR\nGLL/YmztjhV+GJi8r7bR/KujnTKfF3dYHSWR25E91BkMkhisJmqnkrBBAoGBAK3S\nXPb2MfCxgGxQIaAkp1Ly381QMZWfBQil0QoOpxISBYgBStZfyJVVtrvxm1K4aU4X\nTQPmBv0UEgDy1qhUJ5Q1gcNaWjlBe2tUftLNynnvrdtgeSM3Quqrw+HOMyX1ChU6\nZZB03NBSbLEpDpXRw8NHtGUvxP/sDy2hdVJbkKhxAoGAZtFxeXEVIjc6Zde2XmJC\nI64ln7K0g8rW6D29hWZ+szD2js0XPFouC9ALZAM0ZGMkcsEbr9GUnI96lYcEWB6+\nN9nPNFStB0xSr22Ad88mQuitFs54FmRq6SjxUmZwKbIIgEZIkqvHjw0QjjqkBdZE\n3O/pv5ecDBhZNnDFBrN437Y=\n-----END PRIVATE KEY-----\n",
            "ready_for_renewal": false,
            "set_authority_key_id": false,
            "set_subject_key_id": false,
            "subject": [
              {
                "common_name": "jasonteske.com",
                "country": null,
                "locality": null,
                "organization": "jteske INC",
                "organizational_unit": null,
                "postal_code": null,
                "province": null,
                "serial_number": null,
                "street_address": null
              }
            ],
            "uris": null,
            "validity_end_time": "2023-02-24T16:24:15.591222-06:00",
            "validity_period_hours": 168,
            "validity_start_time": "2023-02-17T16:24:15.591222-06:00"
          },
          "sensitive_attributes": []
        }
      ]
    },
    {
      "module": "module.security_group",
      "mode": "managed",
      "type": "aws_security_group",
      "name": "allow_web_traffic",
      "provider": "provider[\"registry.terraform.io/hashicorp/aws\"]",
      "instances": [
        {
          "schema_version": 1,
          "attributes": {
            "arn": "arn:aws:ec2:us-east-1:111292928933:security-group/sg-0c96741f66e4c667e",
            "description": "Allow inbound web traffic",
            "egress": [
              {
                "cidr_blocks": [
                  "0.0.0.0/0"
                ],
                "description": "",
                "from_port": 0,
                "ipv6_cidr_blocks": [
                  "::/0"
                ],
                "prefix_list_ids": [],
                "protocol": "-1",
                "security_groups": [],
                "self": false,
                "to_port": 0
              }
            ],
            "id": "sg-0c96741f66e4c667e",
            "ingress": [
              {
                "cidr_blocks": [
                  "0.0.0.0/0"
                ],
                "description": "Allow HTTP web traffic",
                "from_port": 80,
                "ipv6_cidr_blocks": [],
                "prefix_list_ids": [],
                "protocol": "tcp",
                "security_groups": [],
                "self": false,
                "to_port": 80
              },
              {
                "cidr_blocks": [
                  "0.0.0.0/0"
                ],
                "description": "Allow HTTPS web traffic",
                "from_port": 443,
                "ipv6_cidr_blocks": [],
                "prefix_list_ids": [],
                "protocol": "tcp",
                "security_groups": [],
                "self": false,
                "to_port": 443
              },
              {
                "cidr_blocks": [
                  "0.0.0.0/0"
                ],
                "description": "Allow SSH web traffic",
                "from_port": 22,
                "ipv6_cidr_blocks": [],
                "prefix_list_ids": [],
                "protocol": "tcp",
                "security_groups": [],
                "self": false,
                "to_port": 22
              }
            ],
            "name": "allow_web_traffic_sg",
            "name_prefix": "",
            "owner_id": "111292928933",
            "revoke_rules_on_delete": false,
            "tags": {
              "Name": "web_security_group"
            },
            "tags_all": {
              "Name": "web_security_group"
            },
            "timeouts": null,
            "vpc_id": "vpc-02ed26b6ee673cdd1"
          },
          "sensitive_attributes": [],
          "private": "eyJlMmJmYjczMC1lY2FhLTExZTYtOGY4OC0zNDM2M2JjN2M0YzAiOnsiY3JlYXRlIjo2MDAwMDAwMDAwMDAsImRlbGV0ZSI6OTAwMDAwMDAwMDAwfSwic2NoZW1hX3ZlcnNpb24iOiIxIn0="
        }
      ]
    }
  ]
}
